{
  "components": [
    "accordion",
    "button",
    "checkbox",
    "divider",
    "field",
    "input",
    "input-group",
    "modal",
    "prose",
    "radio",
    "switch",
    "table",
    "tabs",
    "toggle-group"
  ],
  "files": {
    "src/components/accordion.contract.json": "905111928c1b9a9b",
    "src/components/accordion.recipe.ts": "5f396620bd203195",
    "src/components/accordion.tsx": "93c0c2735336762c",
    "src/components/button.contract.json": "ec87a8bfda1a291b",
    "src/components/button.recipe.ts": "858c23d83cb04a84",
    "src/components/button.tsx": "6af6c47c739f90c3",
    "src/components/checkbox.contract.json": "9b6bf3367039e155",
    "src/components/checkbox.recipe.ts": "4e055cd9c62eaf06",
    "src/components/checkbox.tsx": "9f680a83147406a7",
    "src/components/contract.json": "806607e6f0fcbf0a",
    "src/components/divider.contract.json": "ebae2adae125fac4",
    "src/components/divider.recipe.ts": "296018f07d377130",
    "src/components/divider.tsx": "c9c25eb4c2d19aaa",
    "src/components/field.contract.json": "34a35d3ecb0908fc",
    "src/components/field.recipe.ts": "9d697c0fd2c60938",
    "src/components/field.tsx": "09dc884271828449",
    "src/components/input-group.contract.json": "7ee9da3f417d5d9b",
    "src/components/input-group.recipe.ts": "c4843a1af2d3e49f",
    "src/components/input-group.tsx": "38650e2f2ee1a7eb",
    "src/components/input.contract.json": "10c32999ccb55ad5",
    "src/components/input.recipe.ts": "b9a5e9e3b6610da9",
    "src/components/input.tsx": "3333768229c14c09",
    "src/components/modal.contract.json": "1d17006bf8cf1bee",
    "src/components/modal.recipe.ts": "0c82fb790eea6657",
    "src/components/modal.tsx": "1bb1345346430b75",
    "src/components/prose.contract.json": "9b62b4b954f9d057",
    "src/components/prose.recipe.ts": "ac9c68c520f1d0e0",
    "src/components/prose.tsx": "4e489980fd26a4e4",
    "src/components/radio.contract.json": "932da7ca5cfa5d3f",
    "src/components/radio.recipe.ts": "df15dcc7667bb8a2",
    "src/components/radio.tsx": "67fec391bfee5d7f",
    "src/components/switch.contract.json": "394b9fe7745ed361",
    "src/components/switch.recipe.ts": "4469acb93237d081",
    "src/components/switch.tsx": "1c0b158feaed5cab",
    "src/components/table.contract.json": "693c07acc65b8eaf",
    "src/components/table.recipe.ts": "c91186131d20a656",
    "src/components/table.tsx": "661bff9d76265e2c",
    "src/components/tabs.contract.json": "ae8c854f7a91bcd8",
    "src/components/tabs.recipe.ts": "887ca2c17f6742f5",
    "src/components/tabs.tsx": "710fc31e29f0343b",
    "src/components/toggle-group.contract.json": "806607e6f0fcbf0a",
    "src/components/toggle-group.recipe.ts": "86ce980b465e86b0",
    "src/components/toggle-group.tsx": "8e3de1e25ec2bede",
    "src/styles/primitiv/accordion/styles.css": "cb224f95d343c2cd",
    "src/styles/primitiv/button/styles.css": "7b9963cc6a62636f",
    "src/styles/primitiv/checkbox/styles.css": "4b878dd4344a5d15",
    "src/styles/primitiv/divider/styles.css": "69e0d4c08edf5bc1",
    "src/styles/primitiv/field/styles.css": "b40b5ef1dc7fc7ce",
    "src/styles/primitiv/input-group/styles.css": "929e5cc2b48778f9",
    "src/styles/primitiv/input/styles.css": "3dbcff25fd423af2",
    "src/styles/primitiv/modal/styles.css": "532ac9ceab245068",
    "src/styles/primitiv/prose/styles.css": "0e57509c5fb9dba9",
    "src/styles/primitiv/radio/styles.css": "8a70026132b13c19",
    "src/styles/primitiv/switch/styles.css": "7ad04cf4bc864a13",
    "src/styles/primitiv/table/styles.css": "9ff757809c5dd3de",
    "src/styles/primitiv/tabs/styles.css": "b71097bd5d44a782",
    "src/styles/primitiv/toggle-group/styles.css": "517524d3f7f2e1a5"
  }
}
